// !$*UTF8*$!
{
	archiveVersion = 1;
	classes = {
	};
	objectVersion = 46;
	objects = {

/* Begin PBXBuildFile section */
		FB1175881BEC76F90020A33B /* MoveableObject.swift in Sources */ = {isa = PBXBuildFile; fileRef = FB1175871BEC76F90020A33B /* MoveableObject.swift */; };
		FB1175961BED9FB40020A33B /* CGFloat+Extensions.swift in Sources */ = {isa = PBXBuildFile; fileRef = FB11758A1BED9FB40020A33B /* CGFloat+Extensions.swift */; };
		FB1175971BED9FB40020A33B /* CGPoint+Extensions.swift in Sources */ = {isa = PBXBuildFile; fileRef = FB11758B1BED9FB40020A33B /* CGPoint+Extensions.swift */; };
		FB1175981BED9FB40020A33B /* CGVector+Extensions.swift in Sources */ = {isa = PBXBuildFile; fileRef = FB11758C1BED9FB40020A33B /* CGVector+Extensions.swift */; };
		FB1175991BED9FB40020A33B /* Int+Extensions.swift in Sources */ = {isa = PBXBuildFile; fileRef = FB11758D1BED9FB40020A33B /* Int+Extensions.swift */; };
		FB11759A1BED9FB40020A33B /* SKAction+Extensions.swift in Sources */ = {isa = PBXBuildFile; fileRef = FB11758E1BED9FB40020A33B /* SKAction+Extensions.swift */; };
		FB11759B1BED9FB40020A33B /* SKAction+SpecialEffects.swift in Sources */ = {isa = PBXBuildFile; fileRef = FB11758F1BED9FB40020A33B /* SKAction+SpecialEffects.swift */; };
		FB11759C1BED9FB40020A33B /* SKColor+Extensions.swift in Sources */ = {isa = PBXBuildFile; fileRef = FB1175901BED9FB40020A33B /* SKColor+Extensions.swift */; };
		FB11759D1BED9FB40020A33B /* SKNode+Extensions.swift in Sources */ = {isa = PBXBuildFile; fileRef = FB1175911BED9FB40020A33B /* SKNode+Extensions.swift */; };
		FB11759E1BED9FB40020A33B /* SKTAudio.swift in Sources */ = {isa = PBXBuildFile; fileRef = FB1175921BED9FB40020A33B /* SKTAudio.swift */; };
		FB11759F1BED9FB40020A33B /* SKTEffects.swift in Sources */ = {isa = PBXBuildFile; fileRef = FB1175931BED9FB40020A33B /* SKTEffects.swift */; };
		FB1175A01BED9FB40020A33B /* SKTTimingFunctions.swift in Sources */ = {isa = PBXBuildFile; fileRef = FB1175941BED9FB40020A33B /* SKTTimingFunctions.swift */; };
		FB1175A11BED9FB40020A33B /* Vector3.swift in Sources */ = {isa = PBXBuildFile; fileRef = FB1175951BED9FB40020A33B /* Vector3.swift */; };
		FB3590541BEB000F00629596 /* AppDelegate.swift in Sources */ = {isa = PBXBuildFile; fileRef = FB3590531BEB000F00629596 /* AppDelegate.swift */; };
		FB35905A1BEB000F00629596 /* GameViewController.swift in Sources */ = {isa = PBXBuildFile; fileRef = FB3590591BEB000F00629596 /* GameViewController.swift */; };
		FB35905D1BEB000F00629596 /* Main.storyboard in Resources */ = {isa = PBXBuildFile; fileRef = FB35905B1BEB000F00629596 /* Main.storyboard */; };
		FB35905F1BEB000F00629596 /* Assets.xcassets in Resources */ = {isa = PBXBuildFile; fileRef = FB35905E1BEB000F00629596 /* Assets.xcassets */; };
		FBA23FD51C701E58008F120C /* DragDropScene.swift in Sources */ = {isa = PBXBuildFile; fileRef = FBA23FD21C701E58008F120C /* DragDropScene.swift */; };
		FBA23FD61C701E58008F120C /* GameScene.swift in Sources */ = {isa = PBXBuildFile; fileRef = FBA23FD31C701E58008F120C /* GameScene.swift */; };
		FBA23FD71C701E58008F120C /* PaintScene.swift in Sources */ = {isa = PBXBuildFile; fileRef = FBA23FD41C701E58008F120C /* PaintScene.swift */; };
/* End PBXBuildFile section */

/* Begin PBXFileReference section */
		FB1175871BEC76F90020A33B /* MoveableObject.swift */ = {isa = PBXFileReference; fileEncoding = 4; lastKnownFileType = sourcecode.swift; path = MoveableObject.swift; sourceTree = "<group>"; };
		FB11758A1BED9FB40020A33B /* CGFloat+Extensions.swift */ = {isa = PBXFileReference; fileEncoding = 4; lastKnownFileType = sourcecode.swift; path = "CGFloat+Extensions.swift"; sourceTree = "<group>"; };
		FB11758B1BED9FB40020A33B /* CGPoint+Extensions.swift */ = {isa = PBXFileReference; fileEncoding = 4; lastKnownFileType = sourcecode.swift; path = "CGPoint+Extensions.swift"; sourceTree = "<group>"; };
		FB11758C1BED9FB40020A33B /* CGVector+Extensions.swift */ = {isa = PBXFileReference; fileEncoding = 4; lastKnownFileType = sourcecode.swift; path = "CGVector+Extensions.swift"; sourceTree = "<group>"; };
		FB11758D1BED9FB40020A33B /* Int+Extensions.swift */ = {isa = PBXFileReference; fileEncoding = 4; lastKnownFileType = sourcecode.swift; path = "Int+Extensions.swift"; sourceTree = "<group>"; };
		FB11758E1BED9FB40020A33B /* SKAction+Extensions.swift */ = {isa = PBXFileReference; fileEncoding = 4; lastKnownFileType = sourcecode.swift; path = "SKAction+Extensions.swift"; sourceTree = "<group>"; };
		FB11758F1BED9FB40020A33B /* SKAction+SpecialEffects.swift */ = {isa = PBXFileReference; fileEncoding = 4; lastKnownFileType = sourcecode.swift; path = "SKAction+SpecialEffects.swift"; sourceTree = "<group>"; };
		FB1175901BED9FB40020A33B /* SKColor+Extensions.swift */ = {isa = PBXFileReference; fileEncoding = 4; lastKnownFileType = sourcecode.swift; path = "SKColor+Extensions.swift"; sourceTree = "<group>"; };
		FB1175911BED9FB40020A33B /* SKNode+Extensions.swift */ = {isa = PBXFileReference; fileEncoding = 4; lastKnownFileType = sourcecode.swift; path = "SKNode+Extensions.swift"; sourceTree = "<group>"; };
		FB1175921BED9FB40020A33B /* SKTAudio.swift */ = {isa = PBXFileReference; fileEncoding = 4; lastKnownFileType = sourcecode.swift; path = SKTAudio.swift; sourceTree = "<group>"; };
		FB1175931BED9FB40020A33B /* SKTEffects.swift */ = {isa = PBXFileReference; fileEncoding = 4; lastKnownFileType = sourcecode.swift; path = SKTEffects.swift; sourceTree = "<group>"; };
		FB1175941BED9FB40020A33B /* SKTTimingFunctions.swift */ = {isa = PBXFileReference; fileEncoding = 4; lastKnownFileType = sourcecode.swift; path = SKTTimingFunctions.swift; sourceTree = "<group>"; };
		FB1175951BED9FB40020A33B /* Vector3.swift */ = {isa = PBXFileReference; fileEncoding = 4; lastKnownFileType = sourcecode.swift; path = Vector3.swift; sourceTree = "<group>"; };
		FB3590501BEB000F00629596 /* Gear8Demo.app */ = {isa = PBXFileReference; explicitFileType = wrapper.application; includeInIndex = 0; path = Gear8Demo.app; sourceTree = BUILT_PRODUCTS_DIR; };
		FB3590531BEB000F00629596 /* AppDelegate.swift */ = {isa = PBXFileReference; lastKnownFileType = sourcecode.swift; path = AppDelegate.swift; sourceTree = "<group>"; };
		FB3590591BEB000F00629596 /* GameViewController.swift */ = {isa = PBXFileReference; lastKnownFileType = sourcecode.swift; path = GameViewController.swift; sourceTree = "<group>"; };
		FB35905C1BEB000F00629596 /* Base */ = {isa = PBXFileReference; lastKnownFileType = file.storyboard; name = Base; path = Base.lproj/Main.storyboard; sourceTree = "<group>"; };
		FB35905E1BEB000F00629596 /* Assets.xcassets */ = {isa = PBXFileReference; lastKnownFileType = folder.assetcatalog; path = Assets.xcassets; sourceTree = "<group>"; };
		FB3590631BEB000F00629596 /* Info.plist */ = {isa = PBXFileReference; lastKnownFileType = text.plist.xml; path = Info.plist; sourceTree = "<group>"; };
		FBA23FD21C701E58008F120C /* DragDropScene.swift */ = {isa = PBXFileReference; fileEncoding = 4; lastKnownFileType = sourcecode.swift; path = DragDropScene.swift; sourceTree = "<group>"; };
		FBA23FD31C701E58008F120C /* GameScene.swift */ = {isa = PBXFileReference; fileEncoding = 4; lastKnownFileType = sourcecode.swift; path = GameScene.swift; sourceTree = "<group>"; };
		FBA23FD41C701E58008F120C /* PaintScene.swift */ = {isa = PBXFileReference; fileEncoding = 4; lastKnownFileType = sourcecode.swift; path = PaintScene.swift; sourceTree = "<group>"; };
/* End PBXFileReference section */

/* Begin PBXFrameworksBuildPhase section */
		FB35904D1BEB000F00629596 /* Frameworks */ = {
			isa = PBXFrameworksBuildPhase;
			buildActionMask = 2147483647;
			files = (
			);
			runOnlyForDeploymentPostprocessing = 0;
		};
/* End PBXFrameworksBuildPhase section */

/* Begin PBXGroup section */
		FB1175891BED9FB40020A33B /* SKTUtils */ = {
			isa = PBXGroup;
			children = (
				FB11758A1BED9FB40020A33B /* CGFloat+Extensions.swift */,
				FB11758B1BED9FB40020A33B /* CGPoint+Extensions.swift */,
				FB11758C1BED9FB40020A33B /* CGVector+Extensions.swift */,
				FB11758D1BED9FB40020A33B /* Int+Extensions.swift */,
				FB11758E1BED9FB40020A33B /* SKAction+Extensions.swift */,
				FB11758F1BED9FB40020A33B /* SKAction+SpecialEffects.swift */,
				FB1175901BED9FB40020A33B /* SKColor+Extensions.swift */,
				FB1175911BED9FB40020A33B /* SKNode+Extensions.swift */,
				FB1175921BED9FB40020A33B /* SKTAudio.swift */,
				FB1175931BED9FB40020A33B /* SKTEffects.swift */,
				FB1175941BED9FB40020A33B /* SKTTimingFunctions.swift */,
				FB1175951BED9FB40020A33B /* Vector3.swift */,
			);
			path = SKTUtils;
			sourceTree = "<group>";
		};
		FB3590471BEB000F00629596 = {
			isa = PBXGroup;
			children = (
				FB3590521BEB000F00629596 /* Gear8Demo */,
				FB3590511BEB000F00629596 /* Products */,
			);
			sourceTree = "<group>";
		};
		FB3590511BEB000F00629596 /* Products */ = {
			isa = PBXGroup;
			children = (
				FB3590501BEB000F00629596 /* Gear8Demo.app */,
			);
			name = Products;
			sourceTree = "<group>";
		};
		FB3590521BEB000F00629596 /* Gear8Demo */ = {
			isa = PBXGroup;
			children = (
				FB3590531BEB000F00629596 /* AppDelegate.swift */,
				FB35905E1BEB000F00629596 /* Assets.xcassets */,
				FB3590591BEB000F00629596 /* GameViewController.swift */,
				FB3590631BEB000F00629596 /* Info.plist */,
				FB35905B1BEB000F00629596 /* Main.storyboard */,
				FB1175871BEC76F90020A33B /* MoveableObject.swift */,
				FBA23FD11C701E58008F120C /* Scenes */,
				FB1175891BED9FB40020A33B /* SKTUtils */,
			);
			path = Gear8Demo;
			sourceTree = "<group>";
		};
		FBA23FD11C701E58008F120C /* Scenes */ = {
			isa = PBXGroup;
			children = (
				FBA23FD21C701E58008F120C /* DragDropScene.swift */,
				FBA23FD31C701E58008F120C /* GameScene.swift */,
				FBA23FD41C701E58008F120C /* PaintScene.swift */,
			);
			path = Scenes;
			sourceTree = "<group>";
		};
/* End PBXGroup section */

/* Begin PBXNativeTarget section */
		FB35904F1BEB000F00629596 /* Gear8Demo */ = {
			isa = PBXNativeTarget;
			buildConfigurationList = FB3590661BEB000F00629596 /* Build configuration list for PBXNativeTarget "Gear8Demo" */;
			buildPhases = (
				FB35904C1BEB000F00629596 /* Sources */,
				FB35904D1BEB000F00629596 /* Frameworks */,
				FB35904E1BEB000F00629596 /* Resources */,
			);
			buildRules = (
			);
			dependencies = (
			);
			name = Gear8Demo;
			productName = Gear8Demo;
			productReference = FB3590501BEB000F00629596 /* Gear8Demo.app */;
			productType = "com.apple.product-type.application";
		};
/* End PBXNativeTarget section */

/* Begin PBXProject section */
		FB3590481BEB000F00629596 /* Project object */ = {
			isa = PBXProject;
			attributes = {
				LastSwiftUpdateCheck = 0710;
				LastUpgradeCheck = 0710;
				ORGANIZATIONNAME = "Brandon Jenniges";
				TargetAttributes = {
					FB35904F1BEB000F00629596 = {
						CreatedOnToolsVersion = 7.1;
					};
				};
			};
			buildConfigurationList = FB35904B1BEB000F00629596 /* Build configuration list for PBXProject "Gear8Demo" */;
			compatibilityVersion = "Xcode 3.2";
			developmentRegion = English;
			hasScannedForEncodings = 0;
			knownRegions = (
				en,
				Base,
			);
			mainGroup = FB3590471BEB000F00629596;
			productRefGroup = FB3590511BEB000F00629596 /* Products */;
			projectDirPath = "";
			projectRoot = "";
			targets = (
				FB35904F1BEB000F00629596 /* Gear8Demo */,
			);
		};
/* End PBXProject section */

/* Begin PBXResourcesBuildPhase section */
		FB35904E1BEB000F00629596 /* Resources */ = {
			isa = PBXResourcesBuildPhase;
			buildActionMask = 2147483647;
			files = (
				FB35905F1BEB000F00629596 /* Assets.xcassets in Resources */,
				FB35905D1BEB000F00629596 /* Main.storyboard in Resources */,
			);
			runOnlyForDeploymentPostprocessing = 0;
		};
/* End PBXResourcesBuildPhase section */

/* Begin PBXSourcesBuildPhase section */
		FB35904C1BEB000F00629596 /* Sources */ = {
			isa = PBXSourcesBuildPhase;
			buildActionMask = 2147483647;
			files = (
				FB1175971BED9FB40020A33B /* CGPoint+Extensions.swift in Sources */,
				FB11759F1BED9FB40020A33B /* SKTEffects.swift in Sources */,
				FB11759A1BED9FB40020A33B /* SKAction+Extensions.swift in Sources */,
				FBA23FD71C701E58008F120C /* PaintScene.swift in Sources */,
				FB11759D1BED9FB40020A33B /* SKNode+Extensions.swift in Sources */,
				FB35905A1BEB000F00629596 /* GameViewController.swift in Sources */,
				FB1175A01BED9FB40020A33B /* SKTTimingFunctions.swift in Sources */,
				FB11759B1BED9FB40020A33B /* SKAction+SpecialEffects.swift in Sources */,
				FB1175991BED9FB40020A33B /* Int+Extensions.swift in Sources */,
				FB1175A11BED9FB40020A33B /* Vector3.swift in Sources */,
				FB3590541BEB000F00629596 /* AppDelegate.swift in Sources */,
				FB11759C1BED9FB40020A33B /* SKColor+Extensions.swift in Sources */,
				FBA23FD61C701E58008F120C /* GameScene.swift in Sources */,
				FB1175981BED9FB40020A33B /* CGVector+Extensions.swift in Sources */,
				FB1175881BEC76F90020A33B /* MoveableObject.swift in Sources */,
				FB11759E1BED9FB40020A33B /* SKTAudio.swift in Sources */,
				FB1175961BED9FB40020A33B /* CGFloat+Extensions.swift in Sources */,
				FBA23FD51C701E58008F120C /* DragDropScene.swift in Sources */,
			);
			runOnlyForDeploymentPostprocessing = 0;
		};
/* End PBXSourcesBuildPhase section */

/* Begin PBXVariantGroup section */
		FB35905B1BEB000F00629596 /* Main.storyboard */ = {
			isa = PBXVariantGroup;
			children = (
				FB35905C1BEB000F00629596 /* Base */,
			);
			name = Main.storyboard;
			sourceTree = "<group>";
		};
/* End PBXVariantGroup section */

/* Begin XCBuildConfiguration section */
		FB3590641BEB000F00629596 /* Debug */ = {
			isa = XCBuildConfiguration;
			buildSettings = {
				ALWAYS_SEARCH_USER_PATHS = NO;
				CLANG_CXX_LANGUAGE_STANDARD = "gnu++0x";
				CLANG_CXX_LIBRARY = "libc++";
				CLANG_ENABLE_MODULES = YES;
				CLANG_ENABLE_OBJC_ARC = YES;
				CLANG_WARN_BOOL_CONVERSION = YES;
				CLANG_WARN_CONSTANT_CONVERSION = YES;
				CLANG_WARN_DIRECT_OBJC_ISA_USAGE = YES_ERROR;
				CLANG_WARN_EMPTY_BODY = YES;
				CLANG_WARN_ENUM_CONVERSION = YES;
				CLANG_WARN_INT_CONVERSION = YES;
				CLANG_WARN_OBJC_ROOT_CLASS = YES_ERROR;
				CLANG_WARN_UNREACHABLE_CODE = YES;
				CLANG_WARN__DUPLICATE_METHOD_MATCH = YES;
				"CODE_SIGN_IDENTITY[sdk=iphoneos*]" = "iPhone Developer";
				COPY_PHASE_STRIP = NO;
				DEBUG_INFORMATION_FORMAT = "dwarf-with-dsym";
				ENABLE_STRICT_OBJC_MSGSEND = YES;
				ENABLE_TESTABILITY = YES;
				GCC_C_LANGUAGE_STANDARD = gnu99;
				GCC_DYNAMIC_NO_PIC = NO;
				GCC_NO_COMMON_BLOCKS = YES;
				GCC_OPTIMIZATION_LEVEL = 0;
				GCC_PREPROCESSOR_DEFINITIONS = (
					"DEBUG=1",
					"$(inherited)",
				);
				GCC_WARN_64_TO_32_BIT_CONVERSION = YES;
				GCC_WARN_ABOUT_RETURN_TYPE = YES_ERROR;
				GCC_WARN_UNDECLARED_SELECTOR = YES;
				GCC_WARN_UNINITIALIZED_AUTOS = YES_AGGRESSIVE;
				GCC_WARN_UNUSED_FUNCTION = YES;
				GCC_WARN_UNUSED_VARIABLE = YES;
				IPHONEOS_DEPLOYMENT_TARGET = 9.1;
				MTL_ENABLE_DEBUG_INFO = YES;
				ONLY_ACTIVE_ARCH = YES;
				SDKROOT = iphoneos;
				SWIFT_OPTIMIZATION_LEVEL = "-Onone";
				TARGETED_DEVICE_FAMILY = 2;
			};
			name = Debug;
		};
		FB3590651BEB000F00629596 /* Release */ = {
			isa = XCBuildConfiguration;
			buildSettings = {
				ALWAYS_SEARCH_USER_PATHS = NO;
				CLANG_CXX_LANGUAGE_STANDARD = "gnu++0x";
				CLANG_CXX_LIBRARY = "libc++";
				CLANG_ENABLE_MODULES = YES;
				CLANG_ENABLE_OBJC_ARC = YES;
				CLANG_WARN_BOOL_CONVERSION = YES;
				CLANG_WARN_CONSTANT_CONVERSION = YES;
				CLANG_WARN_DIRECT_OBJC_ISA_USAGE = YES_ERROR;
				CLANG_WARN_EMPTY_BODY = YES;
				CLANG_WARN_ENUM_CONVERSION = YES;
				CLANG_WARN_INT_CONVERSION = YES;
				CLANG_WARN_OBJC_ROOT_CLASS = YES_ERROR;
				CLANG_WARN_UNREACHABLE_CODE = YES;
				CLANG_WARN__DUPLICATE_METHOD_MATCH = YES;
				"CODE_SIGN_IDENTITY[sdk=iphoneos*]" = "iPhone Developer";
				COPY_PHASE_STRIP = NO;
				DEBUG_INFORMATION_FORMAT = "dwarf-with-dsym";
				ENABLE_NS_ASSERTIONS = NO;
				ENABLE_STRICT_OBJC_MSGSEND = YES;
				GCC_C_LANGUAGE_STANDARD = gnu99;
				GCC_NO_COMMON_BLOCKS = YES;
				GCC_WARN_64_TO_32_BIT_CONVERSION = YES;
				GCC_WARN_ABOUT_RETURN_TYPE = YES_ERROR;
				GCC_WARN_UNDECLARED_SELECTOR = YES;
				GCC_WARN_UNINITIALIZED_AUTOS = YES_AGGRESSIVE;
				GCC_WARN_UNUSED_FUNCTION = YES;
				GCC_WARN_UNUSED_VARIABLE = YES;
				IPHONEOS_DEPLOYMENT_TARGET = 9.1;
				MTL_ENABLE_DEBUG_INFO = NO;
				SDKROOT = iphoneos;
				TARGETED_DEVICE_FAMILY = 2;
				VALIDATE_PRODUCT = YES;
			};
			name = Release;
		};
		FB3590671BEB000F00629596 /* Debug */ = {
			isa = XCBuildConfiguration;
			buildSettings = {
				ASSETCATALOG_COMPILER_APPICON_NAME = AppIcon;
				INFOPLIST_FILE = Gear8Demo/Info.plist;
				IPHONEOS_DEPLOYMENT_TARGET = 8.0;
				LD_RUNPATH_SEARCH_PATHS = "$(inherited) @executable_path/Frameworks";
				PRODUCT_BUNDLE_IDENTIFIER = com.brandonjenniges.Gear8Demo;
				PRODUCT_NAME = "$(TARGET_NAME)";
			};
			name = Debug;
		};
		FB3590681BEB000F00629596 /* Release */ = {
			isa = XCBuildConfiguration;
			buildSettings = {
				ASSETCATALOG_COMPILER_APPICON_NAME = AppIcon;
				INFOPLIST_FILE = Gear8Demo/Info.plist;
				IPHONEOS_DEPLOYMENT_TARGET = 8.0;
				LD_RUNPATH_SEARCH_PATHS = "$(inherited) @executable_path/Frameworks";
				PRODUCT_BUNDLE_IDENTIFIER = com.brandonjenniges.Gear8Demo;
				PRODUCT_NAME = "$(TARGET_NAME)";
			};
			name = Release;
		};
/* End XCBuildConfiguration section */

/* Begin XCConfigurationList section */
		FB35904B1BEB000F00629596 /* Build configuration list for PBXProject "Gear8Demo" */ = {
			isa = XCConfigurationList;
			buildConfigurations = (
				FB3590641BEB000F00629596 /* Debug */,
				FB3590651BEB000F00629596 /* Release */,
			);
			defaultConfigurationIsVisible = 0;
			defaultConfigurationName = Release;
		};
		FB3590661BEB000F00629596 /* Build configuration list for PBXNativeTarget "Gear8Demo" */ = {
			isa = XCConfigurationList;
			buildConfigurations = (
				FB3590671BEB000F00629596 /* Debug */,
				FB3590681BEB000F00629596 /* Release */,
			);
			defaultConfigurationIsVisible = 0;
			defaultConfigurationName = Release;
		};
/* End XCConfigurationList section */
	};
	rootObject = FB3590481BEB000F00629596 /* Project object */;
}
